Microsoft Visual Studio Solution File, Format Version 12.00
# Visual Studio Version 17
VisualStudioVersion = 17.5.2.0
MinimumVisualStudioVersion = 10.0.40219.1
Project("{FAE04EC0-301F-11D3-BF4B-00C04F79EFBC}") = "LostPersonAPI", "LostPersonAPI.csproj", "{51CF8211-8D8B-DD37-0674-3F04A2FB79ED}"
EndProject
Global
	GlobalSection(SolutionConfigurationPlatforms) = preSolution
		Debug|Any CPU = Debug|Any CPU
		Release|Any CPU = Release|Any CPU
	EndGlobalSection
	GlobalSection(ProjectConfigurationPlatforms) = postSolution
		{51CF8211-8D8B-DD37-0674-3F04A2FB79ED}.Debug|Any CPU.ActiveCfg = Debug|Any CPU
		{51CF8211-8D8B-DD37-0674-3F04A2FB79ED}.Debug|Any CPU.Build.0 = Debug|Any CPU
		{51CF8211-8D8B-DD37-0674-3F04A2FB79ED}.Release|Any CPU.ActiveCfg = Release|Any CPU
		{51CF8211-8D8B-DD37-0674-3F04A2FB79ED}.Release|Any CPU.Build.0 = Release|Any CPU
	EndGlobalSection
	GlobalSection(SolutionProperties) = preSolution
		HideSolutionNode = FALSE
	EndGlobalSection
	GlobalSection(ExtensibilityGlobals) = postSolution
		SolutionGuid = {34C02021-B438-4A29-A503-9AFA426480FE}
	EndGlobalSection
EndGlobal
